# THIS IS AN AUTOGENERATED FILE. DO NOT EDIT THIS FILE DIRECTLY.
# yarn lockfile v1


"@prisma/client@2.20.1":
  version "2.20.1"
  resolved "https://registry.yarnpkg.com/@prisma/client/-/client-2.20.1.tgz#45e7bade3a1b58972fc35e511578e313ead18770"
  integrity sha512-/IYPubBi55rNMHfE0wwglA6eTWEZD77oz+x+3Mm9ji2lDKdS1lnYKZ0wZX0E3AB8gTNL/zsGtfzmfjgn3ePyIw==
  dependencies:
    "@prisma/engines-version" "2.20.0-26.60ba6551f29b17d7d6ce479e5733c70d9c00860e"

"@prisma/engines-version@2.20.0-26.60ba6551f29b17d7d6ce479e5733c70d9c00860e":
  version "2.20.0-26.60ba6551f29b17d7d6ce479e5733c70d9c00860e"
  resolved "https://registry.yarnpkg.com/@prisma/engines-version/-/engines-version-2.20.0-26.60ba6551f29b17d7d6ce479e5733c70d9c00860e.tgz#1189f0a7e682f500015446cfe2b34d2753452190"
  integrity sha512-fJhbGZXm2SPs/RsI79Ew4SFe+6QmChNdgU2I/SIjmU18bUgK8f1TBEWnVtFdBqEDHYPGxbpaianF7lp04KN7EA==

"@prisma/engines@2.20.0-26.60ba6551f29b17d7d6ce479e5733c70d9c00860e":
  version "2.20.0-26.60ba6551f29b17d7d6ce479e5733c70d9c00860e"
  resolved "https://registry.yarnpkg.com/@prisma/engines/-/engines-2.20.0-26.60ba6551f29b17d7d6ce479e5733c70d9c00860e.tgz#18f23c4a8a335a93fd338f88c310f5cf120f5591"
  integrity sha512-zOWETm7DTRvlwf/CekPNSeJe6EC5bn2IFexd74wM9zgBXCZo+1sMDuNGtCqIt4Rzv8CcimEgyzrEFVq0LPV8qg==

prisma@2.20.1:
  version "2.20.1"
  resolved "https://registry.yarnpkg.com/prisma/-/prisma-2.20.1.tgz#28c52135523e0853258cd4ca7e883e9e4b5a9d40"
  integrity sha512-zyPvJSUfJrmciP2D/4aUrsyIefiH8AIJUeuq1a0X1df1AFw9QQ+ata/7VQdoP+RIQHnCb6Kln9kqfUw/fieljw==
  dependencies:
    "@prisma/engines" "2.20.0-26.60ba6551f29b17d7d6ce479e5733c70d9c00860e"
